{
  "object": {
    "pins": [
      {
        "package": "SwiftTreeSitter",
        "repositoryURL": "https://github.com/ChimeHQ/SwiftTreeSitter",
        "state": {
          "branch": null,
          "revision": "2599e95310b3159641469d8a21baf2d3d200e61f",
          "version": "0.8.0"
        }
      }
    ]
  },
  "version": 1
}
