version = 1
revision = 3
requires-python = ">=3.9"
resolution-markers = [
    "python_full_version >= '3.10'",
    "python_full_version < '3.10'",
]

[[package]]
name = "tree-sitter"
version = "0.23.2"
source = { registry = "https://pypi.org/simple" }
resolution-markers = [
    "python_full_version < '3.10'",
]
sdist = { url = "https://files.pythonhosted.org/packages/0f/50/fd5fafa42b884f741b28d9e6fd366c3f34e15d2ed3aa9633b34e388379e2/tree-sitter-0.23.2.tar.gz", hash = "sha256:66bae8dd47f1fed7bdef816115146d3a41c39b5c482d7bad36d9ba1def088450", size = 166800, upload-time = "2024-10-24T15:31:02.238Z" }
wheels = [
    { url = "https://files.pythonhosted.org/packages/91/04/2068a7b725265ecfcbf63ecdae038f1d4124ebccd55b8a7ce145b70e2b6a/tree_sitter-0.23.2-cp310-cp310-macosx_10_9_x86_64.whl", hash = "sha256:3a937f5d8727bc1c74c4bf2a9d1c25ace049e8628273016ad0d45914ae904e10", size = 139289, upload-time = "2024-10-24T15:29:59.27Z" },
    { url = "https://files.pythonhosted.org/packages/a8/07/a5b943121f674fe1ac77694a698e71ce95353830c1f3f4ce45da7ef3e406/tree_sitter-0.23.2-cp310-cp310-macosx_11_0_arm64.whl", hash = "sha256:2c7eae7fe2af215645a38660d2d57d257a4c461fe3ec827cca99a79478284e80", size = 132379, upload-time = "2024-10-24T15:30:01.437Z" },
    { url = "https://files.pythonhosted.org/packages/d4/96/fcc72c33d464a2d722db1e95b74a53ced771a47b3cfde60aced29764a783/tree_sitter-0.23.2-cp310-cp310-manylinux_2_17_aarch64.manylinux2014_aarch64.whl", hash = "sha256:3a71d607595270b6870eaf778a1032d146b2aa79bfcfa60f57a82a7b7584a4c7", size = 552884, upload-time = "2024-10-24T15:30:02.672Z" },
    { url = "https://files.pythonhosted.org/packages/d0/af/b0e787a52767155b4643a55d6de03c1e4ae77abb61e1dc1629ad983e0a40/tree_sitter-0.23.2-cp310-cp310-manylinux_2_17_x86_64.manylinux2014_x86_64.whl", hash = "sha256:6fe9b9ea7a0aa23b52fd97354da95d1b2580065bc12a4ac868f9164a127211d6", size = 566561, upload-time = "2024-10-24T15:30:04.073Z" },
    { url = "https://files.pythonhosted.org/packages/65/fd/05e966b5317b1c6679c071c5b0203f28af9d26c9363700cb9682e1bcf343/tree_sitter-0.23.2-cp310-cp310-musllinux_1_2_aarch64.whl", hash = "sha256:d74d00a8021719eae14d10d1b1e28649e15d8b958c01c2b2c3dad7a2ebc4dbae", size = 558273, upload-time = "2024-10-24T15:30:06.177Z" },
    { url = "https://files.pythonhosted.org/packages/60/bc/19145efdf3f47711aa3f1bf06f0b50593f97f1108550d38694841fd97b7c/tree_sitter-0.23.2-cp310-cp310-musllinux_1_2_x86_64.whl", hash = "sha256:6de18d8d8a7f67ab71f472d1fcb01cc506e080cbb5e13d52929e4b6fdce6bbee", size = 569176, upload-time = "2024-10-24T15:30:07.902Z" },
    { url = "https://files.pythonhosted.org/packages/32/08/3553d8e488ae9284a0762effafb7d2639a306e184963b7f99853923084d6/tree_sitter-0.23.2-cp310-cp310-win_amd64.whl", hash = "sha256:12b60dca70d2282af942b650a6d781be487485454668c7c956338a367b98cdee", size = 117902, upload-time = "2024-10-24T15:30:09.675Z" },
    { url = "https://files.pythonhosted.org/packages/1d/39/836fa485e985c33e8aa1cc3abbf7a84be1c2c382e69547a765631fdd7ce3/tree_sitter-0.23.2-cp310-cp310-win_arm64.whl", hash = "sha256:3346a4dd0447a42aabb863443b0fd8c92b909baf40ed2344fae4b94b625d5955", size = 102644, upload-time = "2024-10-24T15:30:11.484Z" },
    { url = "https://files.pythonhosted.org/packages/55/8d/2d4fb04408772be0919441d66f700673ce7cb76b9ab6682e226d740fb88d/tree_sitter-0.23.2-cp311-cp311-macosx_10_9_x86_64.whl", hash = "sha256:91fda41d4f8824335cc43c64e2c37d8089c8c563bd3900a512d2852d075af719", size = 139142, upload-time = "2024-10-24T15:30:12.627Z" },
    { url = "https://files.pythonhosted.org/packages/32/52/b8a44bfff7b0203256e5dbc8d3a372ee8896128b8ed7d3a89e1ef17b2065/tree_sitter-0.23.2-cp311-cp311-macosx_11_0_arm64.whl", hash = "sha256:92b2b489d5ce54b41f94c6f23fbaf592bd6e84dc2877048fd1cb060480fa53f7", size = 132198, upload-time = "2024-10-24T15:30:13.893Z" },
    { url = "https://files.pythonhosted.org/packages/5d/54/746f2ee5acf6191a4a0be7f5843329f0d713bfe5196f5fc6fe2ea69cb44c/tree_sitter-0.23.2-cp311-cp311-manylinux_2_17_aarch64.manylinux2014_aarch64.whl", hash = "sha256:64859bd4aa1567d0d6016a811b2b49c59d4a4427d096e3d8c84b2521455f62b7", size = 554303, upload-time = "2024-10-24T15:30:15.334Z" },
    { url = "https://files.pythonhosted.org/packages/2f/5a/3169d9933be813776a9b4b3f2e671d3d50fa27e589dee5578f6ecef7ff6d/tree_sitter-0.23.2-cp311-cp311-manylinux_2_17_x86_64.manylinux2014_x86_64.whl", hash = "sha256:614590611636044e071d3a0b748046d52676dbda3bc9fa431216231e11dd98f7", size = 567626, upload-time = "2024-10-24T15:30:17.12Z" },
    { url = "https://files.pythonhosted.org/packages/32/0d/23f363b3b0bc3fa0e7a4a294bf119957ac1ab02737d57815e1e8b7b3e196/tree_sitter-0.23.2-cp311-cp311-musllinux_1_2_aarch64.whl", hash = "sha256:08466953c78ae57be61057188fb88c89791b0a562856010228e0ccf60e2ac453", size = 559803, upload-time = "2024-10-24T15:30:18.921Z" },
    { url = "https://files.pythonhosted.org/packages/6f/b3/1ffba0f17a7ff2c9114d91a1ecc15e0748f217817797564d31fbb61d7458/tree_sitter-0.23.2-cp311-cp311-musllinux_1_2_x86_64.whl", hash = "sha256:8a33f03a562de91f7fd05eefcedd8994a06cd44c62f7aabace811ad82bc11cbd", size = 570987, upload-time = "2024-10-24T15:30:21.116Z" },
    { url = "https://files.pythonhosted.org/packages/59/4b/085bcb8a11ea18003aacc4dbc91c301d1536c5e2deedb95393e8ef26f1f7/tree_sitter-0.23.2-cp311-cp311-win_amd64.whl", hash = "sha256:03b70296b569ef64f7b92b42ca5da9bf86d81bee2afd480bea35092687f51dae", size = 117771, upload-time = "2024-10-24T15:30:22.38Z" },
    { url = "https://files.pythonhosted.org/packages/4b/e5/90adc4081f49ccb6bea89a800dc9b0dcc5b6953b0da423e8eff28f63fddf/tree_sitter-0.23.2-cp311-cp311-win_arm64.whl", hash = "sha256:7cb4bb953ea7c0b50eeafc4454783e030357179d2a93c3dd5ebed2da5588ddd0", size = 102555, upload-time = "2024-10-24T15:30:23.534Z" },
    { url = "https://files.pythonhosted.org/packages/07/a7/57e0fe87b49a78c670a7b4483f70e44c000c65c29b138001096b22e7dd87/tree_sitter-0.23.2-cp312-cp312-macosx_10_13_x86_64.whl", hash = "sha256:a014498b6a9e6003fae8c6eb72f5927d62da9dcb72b28b3ce8cd15c6ff6a6572", size = 139259, upload-time = "2024-10-24T15:30:24.941Z" },
    { url = "https://files.pythonhosted.org/packages/b4/b9/bc8513d818ffb54993a017a36c8739300bc5739a13677acf90b54995e7db/tree_sitter-0.23.2-cp312-cp312-macosx_11_0_arm64.whl", hash = "sha256:04f8699b131d4bcbe3805c37e4ef3d159ee9a82a0e700587625623999ba0ea53", size = 131951, upload-time = "2024-10-24T15:30:26.176Z" },
    { url = "https://files.pythonhosted.org/packages/d7/6a/eab01bb6b1ce3c9acf16d72922ffc29a904af485eb3e60baf3a3e04edd30/tree_sitter-0.23.2-cp312-cp312-manylinux_2_17_aarch64.manylinux2014_aarch64.whl", hash = "sha256:4471577df285059c71686ecb208bc50fb472099b38dcc8e849b0e86652891e87", size = 557952, upload-time = "2024-10-24T15:30:27.389Z" },
    { url = "https://files.pythonhosted.org/packages/bd/95/f2f73332623cf63200d57800f85273170bc5f99d28ea3f234afd5b0048df/tree_sitter-0.23.2-cp312-cp312-manylinux_2_17_x86_64.manylinux2014_x86_64.whl", hash = "sha256:f342c925290dd4e20ecd5787ef7ae8749981597ab364783a1eb73173efe65226", size = 571199, upload-time = "2024-10-24T15:30:28.879Z" },
    { url = "https://files.pythonhosted.org/packages/04/ac/bd6e6cfdd0421156e86f5c93848629af1c7323083077e1a95b27d32d5811/tree_sitter-0.23.2-cp312-cp312-musllinux_1_2_aarch64.whl", hash = "sha256:a4e9e53d07dd076bede72e4f7d3a0173d7b9ad6576572dd86da008a740a9bb22", size = 562129, upload-time = "2024-10-24T15:30:30.199Z" },
    { url = "https://files.pythonhosted.org/packages/7b/bd/8a9edcbcf8a76b0bf58e3b927ed291e3598e063d56667367762833cc8709/tree_sitter-0.23.2-cp312-cp312-musllinux_1_2_x86_64.whl", hash = "sha256:8caebe65bc358759dac2500d8f8feed3aed939c4ade9a684a1783fe07bc7d5db", size = 574307, upload-time = "2024-10-24T15:30:32.085Z" },
    { url = "https://files.pythonhosted.org/packages/0c/c2/3fb2c6c0ae2f59a7411dc6d3e7945e3cb6f34c8552688708acc8b2b13f83/tree_sitter-0.23.2-cp312-cp312-win_amd64.whl", hash = "sha256:fc5a72eb50d43485000dbbb309acb350467b7467e66dc747c6bb82ce63041582", size = 117858, upload-time = "2024-10-24T15:30:33.353Z" },
    { url = "https://files.pythonhosted.org/packages/e2/18/4ca2c0f4a0c802ebcb3a92264cc436f1d54b394fa24dfa76bf57cdeaca9e/tree_sitter-0.23.2-cp312-cp312-win_arm64.whl", hash = "sha256:a0320eb6c7993359c5f7b371d22719ccd273f440d41cf1bd65dac5e9587f2046", size = 102496, upload-time = "2024-10-24T15:30:34.782Z" },
    { url = "https://files.pythonhosted.org/packages/ba/c6/4ead9ce3113a7c27f37a2bdef163c09757efbaa85adbdfe7b3fbf0317c57/tree_sitter-0.23.2-cp313-cp313-macosx_10_13_x86_64.whl", hash = "sha256:eff630dddee7ba05accb439b17e559e15ce13f057297007c246237ceb6306332", size = 139266, upload-time = "2024-10-24T15:30:35.946Z" },
    { url = "https://files.pythonhosted.org/packages/76/c9/b4197c5b0c1d6ba648202a547846ac910a53163b69a459504b2aa6cdb76e/tree_sitter-0.23.2-cp313-cp313-macosx_11_0_arm64.whl", hash = "sha256:4780ba8f3894f2dea869fad2995c2aceab3fd5ab9e6a27c45475d2acd7f7e84e", size = 131959, upload-time = "2024-10-24T15:30:37.646Z" },
    { url = "https://files.pythonhosted.org/packages/99/94/0f7c5580d2adff3b57d36f1998725b0caf6cf1af50ceafc00c6cdbc2fef6/tree_sitter-0.23.2-cp313-cp313-manylinux_2_17_aarch64.manylinux2014_aarch64.whl", hash = "sha256:f0b609460b8e3e256361fb12e94fae5b728cb835b16f0f9d590b5aadbf9d109b", size = 557582, upload-time = "2024-10-24T15:30:39.019Z" },
    { url = "https://files.pythonhosted.org/packages/97/8a/f73ff06959d43fd47fc283cbcc4d8efa6550b2cc431d852b184504992447/tree_sitter-0.23.2-cp313-cp313-manylinux_2_17_x86_64.manylinux2014_x86_64.whl", hash = "sha256:78d070d8eaeaeb36cf535f55e5578fddbfc3bf53c1980f58bf1a99d57466b3b5", size = 570891, upload-time = "2024-10-24T15:30:40.432Z" },
    { url = "https://files.pythonhosted.org/packages/b8/86/bbda5ad09b88051ff7bf3275622a2f79bc4f728b4c283ff8b93b8fcdf36d/tree_sitter-0.23.2-cp313-cp313-musllinux_1_2_aarch64.whl", hash = "sha256:878580b2ad5054c410ba3418edca4d34c81cc26706114d8f5b5541688bc2d785", size = 562343, upload-time = "2024-10-24T15:30:43.045Z" },
    { url = "https://files.pythonhosted.org/packages/ca/55/b404fa49cb5c2926ad6fe1cac033dd486ef69f1afeb7828452d21e1e05c1/tree_sitter-0.23.2-cp313-cp313-musllinux_1_2_x86_64.whl", hash = "sha256:29224bdc2a3b9af535b7725e249d3ee291b2e90708e82832e73acc175e40dc48", size = 574407, upload-time = "2024-10-24T15:30:45.018Z" },
    { url = "https://files.pythonhosted.org/packages/c2/c8/eea2104443ab973091107ef3e730683bd8e6cb51dd025cef853d3fff9dae/tree_sitter-0.23.2-cp313-cp313-win_amd64.whl", hash = "sha256:c58d89348162fbc3aea1fe6511a66ee189fc0e4e4bbe937026f29e4ecef17763", size = 117854, upload-time = "2024-10-24T15:30:47.817Z" },
    { url = "https://files.pythonhosted.org/packages/89/4d/1728d9ce32a1d851081911b7e47830f5e740431f2bb920f54bb8c26175bc/tree_sitter-0.23.2-cp313-cp313-win_arm64.whl", hash = "sha256:0ff2037be5edab7801de3f6a721b9cf010853f612e2008ee454e0e0badb225a6", size = 102492, upload-time = "2024-10-24T15:30:48.892Z" },
    { url = "https://files.pythonhosted.org/packages/cb/ab/b39173a47d498cc6276e303c865f4a222134ceae890bd3c1b29427489805/tree_sitter-0.23.2-cp39-cp39-macosx_10_9_x86_64.whl", hash = "sha256:a5db8e585205faef8bf219da77d8993e2ef04d08eda2e3c8ad7e4df8297ee344", size = 139550, upload-time = "2024-10-24T15:30:50.516Z" },
    { url = "https://files.pythonhosted.org/packages/4c/34/fa8f5b862dd7a6014fd5578810178e8f7601830cabb6d65d2aba050c2df1/tree_sitter-0.23.2-cp39-cp39-macosx_11_0_arm64.whl", hash = "sha256:9dbd110a30cf28be5da734ae4cd0e9031768228dbf6a79f2973962aa51de4ec7", size = 132686, upload-time = "2024-10-24T15:30:51.779Z" },
    { url = "https://files.pythonhosted.org/packages/98/b9/ccdddf35705fc23395caa71557f767e0753d38afe4b5bb99efddbf62bb22/tree_sitter-0.23.2-cp39-cp39-manylinux_2_17_aarch64.manylinux2014_aarch64.whl", hash = "sha256:569514b9a996a0fd458b3a891c46ca125298be0c03cf82f2b6f0c13d5d8f25dc", size = 554958, upload-time = "2024-10-24T15:30:53.327Z" },
    { url = "https://files.pythonhosted.org/packages/8d/ba/20ae9079bdfc5cfac28b39d945a6c354c8e1385e73aec8142db6c53b635c/tree_sitter-0.23.2-cp39-cp39-manylinux_2_17_x86_64.manylinux2014_x86_64.whl", hash = "sha256:a357ed98a74e47787b812df99a74a2c35c0fe11e55c2095cc01d1cad144ef552", size = 568162, upload-time = "2024-10-24T15:30:54.667Z" },
    { url = "https://files.pythonhosted.org/packages/40/00/b16bf6cf88c47c1b6c8e1cce1eb9e90badb5db9e5252ae0970d858d02592/tree_sitter-0.23.2-cp39-cp39-musllinux_1_2_aarch64.whl", hash = "sha256:c2dfb8e8f760f4cc67888d03ef9e2dbd3353245f67f5efba375c2a14d944ac0e", size = 560278, upload-time = "2024-10-24T15:30:56.49Z" },
    { url = "https://files.pythonhosted.org/packages/7a/8f/27ab9b96cc0261af78b080ec8a9846a38e216360ec38774ea27eba35bd3c/tree_sitter-0.23.2-cp39-cp39-musllinux_1_2_x86_64.whl", hash = "sha256:3ead958df87a21d706903987e665e9e0e5df7b2c5021ff69ea349826840adc6a", size = 571255, upload-time = "2024-10-24T15:30:58.254Z" },
    { url = "https://files.pythonhosted.org/packages/44/e0/95a3d66a7e5bb229574484ab10c6dc99d1c7a32972b890d194076e30dc4f/tree_sitter-0.23.2-cp39-cp39-win_amd64.whl", hash = "sha256:611cae16be332213c0e6ece72c0bfca202e30ff320a8b309b1526c6cb79ee4ba", size = 118232, upload-time = "2024-10-24T15:30:59.965Z" },
    { url = "https://files.pythonhosted.org/packages/10/b5/9eaf794fc71490573ab14a366affca415bc1ddbf86a14d78e54583db4254/tree_sitter-0.23.2-cp39-cp39-win_arm64.whl", hash = "sha256:b848e0fdd522fbb8888cdb4f4d93f8fad97ae10d70c122fb922e51363c7febcd", size = 102787, upload-time = "2024-10-24T15:31:01.084Z" },
]

[[package]]
name = "tree-sitter"
version = "0.25.2"
source = { registry = "https://pypi.org/simple" }
resolution-markers = [
    "python_full_version >= '3.10'",
]
sdist = { url = "https://files.pythonhosted.org/packages/66/7c/0350cfc47faadc0d3cf7d8237a4e34032b3014ddf4a12ded9933e1648b55/tree-sitter-0.25.2.tar.gz", hash = "sha256:fe43c158555da46723b28b52e058ad444195afd1db3ca7720c59a254544e9c20", size = 177961, upload-time = "2025-09-25T17:37:59.751Z" }
wheels = [
    { url = "https://files.pythonhosted.org/packages/e2/d4/f7ffb855cb039b7568aba4911fbe42e4c39c0e4398387c8e0d8251489992/tree_sitter-0.25.2-cp310-cp310-macosx_10_9_x86_64.whl", hash = "sha256:72a510931c3c25f134aac2daf4eb4feca99ffe37a35896d7150e50ac3eee06c7", size = 146749, upload-time = "2025-09-25T17:37:16.475Z" },
    { url = "https://files.pythonhosted.org/packages/9a/58/f8a107f9f89700c0ab2930f1315e63bdedccbb5fd1b10fcbc5ebadd54ac8/tree_sitter-0.25.2-cp310-cp310-macosx_11_0_arm64.whl", hash = "sha256:44488e0e78146f87baaa009736886516779253d6d6bac3ef636ede72bc6a8234", size = 137766, upload-time = "2025-09-25T17:37:18.138Z" },
    { url = "https://files.pythonhosted.org/packages/19/fb/357158d39f01699faea466e8fd5a849f5a30252c68414bddc20357a9ac79/tree_sitter-0.25.2-cp310-cp310-manylinux2014_aarch64.manylinux_2_17_aarch64.manylinux_2_28_aarch64.whl", hash = "sha256:c2f8e7d6b2f8489d4a9885e3adcaef4bc5ff0a275acd990f120e29c4ab3395c5", size = 599809, upload-time = "2025-09-25T17:37:19.169Z" },
    { url = "https://files.pythonhosted.org/packages/c5/a4/68ae301626f2393a62119481cb660eb93504a524fc741a6f1528a4568cf6/tree_sitter-0.25.2-cp310-cp310-manylinux2014_x86_64.manylinux_2_17_x86_64.manylinux_2_28_x86_64.whl", hash = "sha256:20b570690f87f1da424cd690e51cc56728d21d63f4abd4b326d382a30353acc7", size = 627676, upload-time = "2025-09-25T17:37:20.715Z" },
    { url = "https://files.pythonhosted.org/packages/69/fe/4c1bef37db5ca8b17ca0b3070f2dff509468a50b3af18f17665adcab42b9/tree_sitter-0.25.2-cp310-cp310-musllinux_1_2_x86_64.whl", hash = "sha256:a0ec41b895da717bc218a42a3a7a0bfcfe9a213d7afaa4255353901e0e21f696", size = 624281, upload-time = "2025-09-25T17:37:21.823Z" },
    { url = "https://files.pythonhosted.org/packages/d4/30/3283cb7fa251cae2a0bf8661658021a789810db3ab1b0569482d4a3671fd/tree_sitter-0.25.2-cp310-cp310-win_amd64.whl", hash = "sha256:7712335855b2307a21ae86efe949c76be36c6068d76df34faa27ce9ee40ff444", size = 127295, upload-time = "2025-09-25T17:37:22.977Z" },
    { url = "https://files.pythonhosted.org/packages/88/90/ceb05e6de281aebe82b68662890619580d4ffe09283ebd2ceabcf5df7b4a/tree_sitter-0.25.2-cp310-cp310-win_arm64.whl", hash = "sha256:a925364eb7fbb9cdce55a9868f7525a1905af512a559303bd54ef468fd88cb37", size = 113991, upload-time = "2025-09-25T17:37:23.854Z" },
    { url = "https://files.pythonhosted.org/packages/7c/22/88a1e00b906d26fa8a075dd19c6c3116997cb884bf1b3c023deb065a344d/tree_sitter-0.25.2-cp311-cp311-macosx_10_9_x86_64.whl", hash = "sha256:b8ca72d841215b6573ed0655b3a5cd1133f9b69a6fa561aecad40dca9029d75b", size = 146752, upload-time = "2025-09-25T17:37:24.775Z" },
    { url = "https://files.pythonhosted.org/packages/57/1c/22cc14f3910017b7a76d7358df5cd315a84fe0c7f6f7b443b49db2e2790d/tree_sitter-0.25.2-cp311-cp311-macosx_11_0_arm64.whl", hash = "sha256:cc0351cfe5022cec5a77645f647f92a936b38850346ed3f6d6babfbeeeca4d26", size = 137765, upload-time = "2025-09-25T17:37:26.103Z" },
    { url = "https://files.pythonhosted.org/packages/1c/0c/d0de46ded7d5b34631e0f630d9866dab22d3183195bf0f3b81de406d6622/tree_sitter-0.25.2-cp311-cp311-manylinux2014_aarch64.manylinux_2_17_aarch64.manylinux_2_28_aarch64.whl", hash = "sha256:1799609636c0193e16c38f366bda5af15b1ce476df79ddaae7dd274df9e44266", size = 604643, upload-time = "2025-09-25T17:37:27.398Z" },
    { url = "https://files.pythonhosted.org/packages/34/38/b735a58c1c2f60a168a678ca27b4c1a9df725d0bf2d1a8a1c571c033111e/tree_sitter-0.25.2-cp311-cp311-manylinux2014_x86_64.manylinux_2_17_x86_64.manylinux_2_28_x86_64.whl", hash = "sha256:3e65ae456ad0d210ee71a89ee112ac7e72e6c2e5aac1b95846ecc7afa68a194c", size = 632229, upload-time = "2025-09-25T17:37:28.463Z" },
    { url = "https://files.pythonhosted.org/packages/32/f6/cda1e1e6cbff5e28d8433578e2556d7ba0b0209d95a796128155b97e7693/tree_sitter-0.25.2-cp311-cp311-musllinux_1_2_x86_64.whl", hash = "sha256:49ee3c348caa459244ec437ccc7ff3831f35977d143f65311572b8ba0a5f265f", size = 629861, upload-time = "2025-09-25T17:37:29.593Z" },
    { url = "https://files.pythonhosted.org/packages/f9/19/427e5943b276a0dd74c2a1f1d7a7393443f13d1ee47dedb3f8127903c080/tree_sitter-0.25.2-cp311-cp311-win_amd64.whl", hash = "sha256:56ac6602c7d09c2c507c55e58dc7026b8988e0475bd0002f8a386cce5e8e8adc", size = 127304, upload-time = "2025-09-25T17:37:30.549Z" },
    { url = "https://files.pythonhosted.org/packages/eb/d9/eef856dc15f784d85d1397a17f3ee0f82df7778efce9e1961203abfe376a/tree_sitter-0.25.2-cp311-cp311-win_arm64.whl", hash = "sha256:b3d11a3a3ac89bb8a2543d75597f905a9926f9c806f40fcca8242922d1cc6ad5", size = 113990, upload-time = "2025-09-25T17:37:31.852Z" },
    { url = "https://files.pythonhosted.org/packages/3c/9e/20c2a00a862f1c2897a436b17edb774e831b22218083b459d0d081c9db33/tree_sitter-0.25.2-cp312-cp312-macosx_10_13_x86_64.whl", hash = "sha256:ddabfff809ffc983fc9963455ba1cecc90295803e06e140a4c83e94c1fa3d960", size = 146941, upload-time = "2025-09-25T17:37:34.813Z" },
    { url = "https://files.pythonhosted.org/packages/ef/04/8512e2062e652a1016e840ce36ba1cc33258b0dcc4e500d8089b4054afec/tree_sitter-0.25.2-cp312-cp312-macosx_11_0_arm64.whl", hash = "sha256:c0c0ab5f94938a23fe81928a21cc0fac44143133ccc4eb7eeb1b92f84748331c", size = 137699, upload-time = "2025-09-25T17:37:36.349Z" },
    { url = "https://files.pythonhosted.org/packages/47/8a/d48c0414db19307b0fb3bb10d76a3a0cbe275bb293f145ee7fba2abd668e/tree_sitter-0.25.2-cp312-cp312-manylinux2014_aarch64.manylinux_2_17_aarch64.manylinux_2_28_aarch64.whl", hash = "sha256:dd12d80d91d4114ca097626eb82714618dcdfacd6a5e0955216c6485c350ef99", size = 607125, upload-time = "2025-09-25T17:37:37.725Z" },
    { url = "https://files.pythonhosted.org/packages/39/d1/b95f545e9fc5001b8a78636ef942a4e4e536580caa6a99e73dd0a02e87aa/tree_sitter-0.25.2-cp312-cp312-manylinux2014_x86_64.manylinux_2_17_x86_64.manylinux_2_28_x86_64.whl", hash = "sha256:b43a9e4c89d4d0839de27cd4d6902d33396de700e9ff4c5ab7631f277a85ead9", size = 635418, upload-time = "2025-09-25T17:37:38.922Z" },
    { url = "https://files.pythonhosted.org/packages/de/4d/b734bde3fb6f3513a010fa91f1f2875442cdc0382d6a949005cd84563d8f/tree_sitter-0.25.2-cp312-cp312-musllinux_1_2_x86_64.whl", hash = "sha256:fbb1706407c0e451c4f8cc016fec27d72d4b211fdd3173320b1ada7a6c74c3ac", size = 631250, upload-time = "2025-09-25T17:37:40.039Z" },
    { url = "https://files.pythonhosted.org/packages/46/f2/5f654994f36d10c64d50a192239599fcae46677491c8dd53e7579c35a3e3/tree_sitter-0.25.2-cp312-cp312-win_amd64.whl", hash = "sha256:6d0302550bbe4620a5dc7649517c4409d74ef18558276ce758419cf09e578897", size = 127156, upload-time = "2025-09-25T17:37:41.132Z" },
    { url = "https://files.pythonhosted.org/packages/67/23/148c468d410efcf0a9535272d81c258d840c27b34781d625f1f627e2e27d/tree_sitter-0.25.2-cp312-cp312-win_arm64.whl", hash = "sha256:0c8b6682cac77e37cfe5cf7ec388844957f48b7bd8d6321d0ca2d852994e10d5", size = 113984, upload-time = "2025-09-25T17:37:42.074Z" },
    { url = "https://files.pythonhosted.org/packages/8c/67/67492014ce32729b63d7ef318a19f9cfedd855d677de5773476caf771e96/tree_sitter-0.25.2-cp313-cp313-macosx_10_13_x86_64.whl", hash = "sha256:0628671f0de69bb279558ef6b640bcfc97864fe0026d840f872728a86cd6b6cd", size = 146926, upload-time = "2025-09-25T17:37:43.041Z" },
    { url = "https://files.pythonhosted.org/packages/4e/9c/a278b15e6b263e86c5e301c82a60923fa7c59d44f78d7a110a89a413e640/tree_sitter-0.25.2-cp313-cp313-macosx_11_0_arm64.whl", hash = "sha256:f5ddcd3e291a749b62521f71fc953f66f5fd9743973fd6dd962b092773569601", size = 137712, upload-time = "2025-09-25T17:37:44.039Z" },
    { url = "https://files.pythonhosted.org/packages/54/9a/423bba15d2bf6473ba67846ba5244b988cd97a4b1ea2b146822162256794/tree_sitter-0.25.2-cp313-cp313-manylinux2014_aarch64.manylinux_2_17_aarch64.manylinux_2_28_aarch64.whl", hash = "sha256:bd88fbb0f6c3a0f28f0a68d72df88e9755cf5215bae146f5a1bdc8362b772053", size = 607873, upload-time = "2025-09-25T17:37:45.477Z" },
    { url = "https://files.pythonhosted.org/packages/ed/4c/b430d2cb43f8badfb3a3fa9d6cd7c8247698187b5674008c9d67b2a90c8e/tree_sitter-0.25.2-cp313-cp313-manylinux2014_x86_64.manylinux_2_17_x86_64.manylinux_2_28_x86_64.whl", hash = "sha256:b878e296e63661c8e124177cc3084b041ba3f5936b43076d57c487822426f614", size = 636313, upload-time = "2025-09-25T17:37:46.68Z" },
    { url = "https://files.pythonhosted.org/packages/9d/27/5f97098dbba807331d666a0997662e82d066e84b17d92efab575d283822f/tree_sitter-0.25.2-cp313-cp313-musllinux_1_2_x86_64.whl", hash = "sha256:d77605e0d353ba3fe5627e5490f0fbfe44141bafa4478d88ef7954a61a848dae", size = 631370, upload-time = "2025-09-25T17:37:47.993Z" },
    { url = "https://files.pythonhosted.org/packages/d4/3c/87caaed663fabc35e18dc704cd0e9800a0ee2f22bd18b9cbe7c10799895d/tree_sitter-0.25.2-cp313-cp313-win_amd64.whl", hash = "sha256:463c032bd02052d934daa5f45d183e0521ceb783c2548501cf034b0beba92c9b", size = 127157, upload-time = "2025-09-25T17:37:48.967Z" },
    { url = "https://files.pythonhosted.org/packages/d5/23/f8467b408b7988aff4ea40946a4bd1a2c1a73d17156a9d039bbaff1e2ceb/tree_sitter-0.25.2-cp313-cp313-win_arm64.whl", hash = "sha256:b3f63a1796886249bd22c559a5944d64d05d43f2be72961624278eff0dcc5cb8", size = 113975, upload-time = "2025-09-25T17:37:49.922Z" },
    { url = "https://files.pythonhosted.org/packages/07/e3/d9526ba71dfbbe4eba5e51d89432b4b333a49a1e70712aa5590cd22fc74f/tree_sitter-0.25.2-cp314-cp314-macosx_10_13_x86_64.whl", hash = "sha256:65d3c931013ea798b502782acab986bbf47ba2c452610ab0776cf4a8ef150fc0", size = 146776, upload-time = "2025-09-25T17:37:50.898Z" },
    { url = "https://files.pythonhosted.org/packages/42/97/4bd4ad97f85a23011dd8a535534bb1035c4e0bac1234d58f438e15cff51f/tree_sitter-0.25.2-cp314-cp314-macosx_11_0_arm64.whl", hash = "sha256:bda059af9d621918efb813b22fb06b3fe00c3e94079c6143fcb2c565eb44cb87", size = 137732, upload-time = "2025-09-25T17:37:51.877Z" },
    { url = "https://files.pythonhosted.org/packages/b6/19/1e968aa0b1b567988ed522f836498a6a9529a74aab15f09dd9ac1e41f505/tree_sitter-0.25.2-cp314-cp314-manylinux2014_aarch64.manylinux_2_17_aarch64.manylinux_2_28_aarch64.whl", hash = "sha256:eac4e8e4c7060c75f395feec46421eb61212cb73998dbe004b7384724f3682ab", size = 609456, upload-time = "2025-09-25T17:37:52.925Z" },
    { url = "https://files.pythonhosted.org/packages/48/b6/cf08f4f20f4c9094006ef8828555484e842fc468827ad6e56011ab668dbd/tree_sitter-0.25.2-cp314-cp314-manylinux2014_x86_64.manylinux_2_17_x86_64.manylinux_2_28_x86_64.whl", hash = "sha256:260586381b23be33b6191a07cea3d44ecbd6c01aa4c6b027a0439145fcbc3358", size = 636772, upload-time = "2025-09-25T17:37:54.647Z" },
    { url = "https://files.pythonhosted.org/packages/57/e2/d42d55bf56360987c32bc7b16adb06744e425670b823fb8a5786a1cea991/tree_sitter-0.25.2-cp314-cp314-musllinux_1_2_x86_64.whl", hash = "sha256:7d2ee1acbacebe50ba0f85fff1bc05e65d877958f00880f49f9b2af38dce1af0", size = 631522, upload-time = "2025-09-25T17:37:55.833Z" },
    { url = "https://files.pythonhosted.org/packages/03/87/af9604ebe275a9345d88c3ace0cf2a1341aa3f8ef49dd9fc11662132df8a/tree_sitter-0.25.2-cp314-cp314-win_amd64.whl", hash = "sha256:4973b718fcadfb04e59e746abfbb0288694159c6aeecd2add59320c03368c721", size = 130864, upload-time = "2025-09-25T17:37:57.453Z" },
    { url = "https://files.pythonhosted.org/packages/a6/6e/e64621037357acb83d912276ffd30a859ef117f9c680f2e3cb955f47c680/tree_sitter-0.25.2-cp314-cp314-win_arm64.whl", hash = "sha256:b8d4429954a3beb3e844e2872610d2a4800ba4eb42bb1990c6a4b1949b18459f", size = 117470, upload-time = "2025-09-25T17:37:58.431Z" },
]

[[package]]
name = "tree-sitter-markdown"
version = "0.5.1"
source = { editable = "." }

[package.optional-dependencies]
core = [
    { name = "tree-sitter", version = "0.23.2", source = { registry = "https://pypi.org/simple" }, marker = "python_full_version < '3.10'" },
    { name = "tree-sitter", version = "0.25.2", source = { registry = "https://pypi.org/simple" }, marker = "python_full_version >= '3.10'" },
]

[package.metadata]
requires-dist = [{ name = "tree-sitter", marker = "extra == 'core'", specifier = "~=0.23" }]
provides-extras = ["core"]
